// !$*UTF8*$!
{
	archiveVersion = 1;
	classes = {
	};
	objectVersion = 55;
	objects = {

/* Begin PBXBuildFile section */
		FD8E563D27F3080E00DC1128 /* AppDelegate.swift in Sources */ = {isa = PBXBuildFile; fileRef = FD8E563C27F3080E00DC1128 /* AppDelegate.swift */; };
		FD8E563F27F3080E00DC1128 /* SceneDelegate.swift in Sources */ = {isa = PBXBuildFile; fileRef = FD8E563E27F3080E00DC1128 /* SceneDelegate.swift */; };
		FD8E564127F3080E00DC1128 /* ViewController.swift in Sources */ = {isa = PBXBuildFile; fileRef = FD8E564027F3080E00DC1128 /* ViewController.swift */; };
		FD8E564427F3080E00DC1128 /* Main.storyboard in Resources */ = {isa = PBXBuildFile; fileRef = FD8E564227F3080E00DC1128 /* Main.storyboard */; };
		FD8E564627F3081000DC1128 /* Assets.xcassets in Resources */ = {isa = PBXBuildFile; fileRef = FD8E564527F3081000DC1128 /* Assets.xcassets */; };
		FD8E564927F3081000DC1128 /* LaunchScreen.storyboard in Resources */ = {isa = PBXBuildFile; fileRef = FD8E564727F3081000DC1128 /* LaunchScreen.storyboard */; };
		FD8E565427F3081000DC1128 /* VideoPlayerTestNewTests.swift in Sources */ = {isa = PBXBuildFile; fileRef = FD8E565327F3081000DC1128 /* VideoPlayerTestNewTests.swift */; };
		FD8E565E27F3081000DC1128 /* VideoPlayerTestNewUITests.swift in Sources */ = {isa = PBXBuildFile; fileRef = FD8E565D27F3081000DC1128 /* VideoPlayerTestNewUITests.swift */; };
		FD8E566027F3081000DC1128 /* VideoPlayerTestNewUITestsLaunchTests.swift in Sources */ = {isa = PBXBuildFile; fileRef = FD8E565F27F3081000DC1128 /* VideoPlayerTestNewUITestsLaunchTests.swift */; };
/* End PBXBuildFile section */

/* Begin PBXContainerItemProxy section */
		FD8E565027F3081000DC1128 /* PBXContainerItemProxy */ = {
			isa = PBXContainerItemProxy;
			containerPortal = FD8E563127F3080E00DC1128 /* Project object */;
			proxyType = 1;
			remoteGlobalIDString = FD8E563827F3080E00DC1128;
			remoteInfo = VideoPlayerTestNew;
		};
		FD8E565A27F3081000DC1128 /* PBXContainerItemProxy */ = {
			isa = PBXContainerItemProxy;
			containerPortal = FD8E563127F3080E00DC1128 /* Project object */;
			proxyType = 1;
			remoteGlobalIDString = FD8E563827F3080E00DC1128;
			remoteInfo = VideoPlayerTestNew;
		};
/* End PBXContainerItemProxy section */

/* Begin PBXFileReference section */
		FD8E563927F3080E00DC1128 /* VideoPlayerTestNew.app */ = {isa = PBXFileReference; explicitFileType = wrapper.application; includeInIndex = 0; path = VideoPlayerTestNew.app; sourceTree = BUILT_PRODUCTS_DIR; };
		FD8E563C27F3080E00DC1128 /* AppDelegate.swift */ = {isa = PBXFileReference; lastKnownFileType = sourcecode.swift; path = AppDelegate.swift; sourceTree = "<group>"; };
		FD8E563E27F3080E00DC1128 /* SceneDelegate.swift */ = {isa = PBXFileReference; lastKnownFileType = sourcecode.swift; path = SceneDelegate.swift; sourceTree = "<group>"; };
		FD8E564027F3080E00DC1128 /* ViewController.swift */ = {isa = PBXFileReference; lastKnownFileType = sourcecode.swift; path = ViewController.swift; sourceTree = "<group>"; };
		FD8E564327F3080E00DC1128 /* Base */ = {isa = PBXFileReference; lastKnownFileType = file.storyboard; name = Base; path = Base.lproj/Main.storyboard; sourceTree = "<group>"; };
		FD8E564527F3081000DC1128 /* Assets.xcassets */ = {isa = PBXFileReference; lastKnownFileType = folder.assetcatalog; path = Assets.xcassets; sourceTree = "<group>"; };
		FD8E564827F3081000DC1128 /* Base */ = {isa = PBXFileReference; lastKnownFileType = file.storyboard; name = Base; path = Base.lproj/LaunchScreen.storyboard; sourceTree = "<group>"; };
		FD8E564A27F3081000DC1128 /* Info.plist */ = {isa = PBXFileReference; lastKnownFileType = text.plist.xml; path = Info.plist; sourceTree = "<group>"; };
		FD8E564F27F3081000DC1128 /* VideoPlayerTestNewTests.xctest */ = {isa = PBXFileReference; explicitFileType = wrapper.cfbundle; includeInIndex = 0; path = VideoPlayerTestNewTests.xctest; sourceTree = BUILT_PRODUCTS_DIR; };
		FD8E565327F3081000DC1128 /* VideoPlayerTestNewTests.swift */ = {isa = PBXFileReference; lastKnownFileType = sourcecode.swift; path = VideoPlayerTestNewTests.swift; sourceTree = "<group>"; };
		FD8E565927F3081000DC1128 /* VideoPlayerTestNewUITests.xctest */ = {isa = PBXFileReference; explicitFileType = wrapper.cfbundle; includeInIndex = 0; path = VideoPlayerTestNewUITests.xctest; sourceTree = BUILT_PRODUCTS_DIR; };
		FD8E565D27F3081000DC1128 /* VideoPlayerTestNewUITests.swift */ = {isa = PBXFileReference; lastKnownFileType = sourcecode.swift; path = VideoPlayerTestNewUITests.swift; sourceTree = "<group>"; };
		FD8E565F27F3081000DC1128 /* VideoPlayerTestNewUITestsLaunchTests.swift */ = {isa = PBXFileReference; lastKnownFileType = sourcecode.swift; path = VideoPlayerTestNewUITestsLaunchTests.swift; sourceTree = "<group>"; };
/* End PBXFileReference section */

/* Begin PBXFrameworksBuildPhase section */
		FD8E563627F3080E00DC1128 /* Frameworks */ = {
			isa = PBXFrameworksBuildPhase;
			buildActionMask = 2147483647;
			files = (
			);
			runOnlyForDeploymentPostprocessing = 0;
		};
		FD8E564C27F3081000DC1128 /* Frameworks */ = {
			isa = PBXFrameworksBuildPhase;
			buildActionMask = 2147483647;
			files = (
			);
			runOnlyForDeploymentPostprocessing = 0;
		};
		FD8E565627F3081000DC1128 /* Frameworks */ = {
			isa = PBXFrameworksBuildPhase;
			buildActionMask = 2147483647;
			files = (
			);
			runOnlyForDeploymentPostprocessing = 0;
		};
/* End PBXFrameworksBuildPhase section */

/* Begin PBXGroup section */
		FD8E563027F3080E00DC1128 = {
			isa = PBXGroup;
			children = (
				FD8E563B27F3080E00DC1128 /* VideoPlayerTestNew */,
				FD8E565227F3081000DC1128 /* VideoPlayerTestNewTests */,
				FD8E565C27F3081000DC1128 /* VideoPlayerTestNewUITests */,
				FD8E563A27F3080E00DC1128 /* Products */,
			);
			sourceTree = "<group>";
		};
		FD8E563A27F3080E00DC1128 /* Products */ = {
			isa = PBXGroup;
			children = (
				FD8E563927F3080E00DC1128 /* VideoPlayerTestNew.app */,
				FD8E564F27F3081000DC1128 /* VideoPlayerTestNewTests.xctest */,
				FD8E565927F3081000DC1128 /* VideoPlayerTestNewUITests.xctest */,
			);
			name = Products;
			sourceTree = "<group>";
		};
		FD8E563B27F3080E00DC1128 /* VideoPlayerTestNew */ = {
			isa = PBXGroup;
			children = (
				FD8E563C27F3080E00DC1128 /* AppDelegate.swift */,
				FD8E563E27F3080E00DC1128 /* SceneDelegate.swift */,
				FD8E564027F3080E00DC1128 /* ViewController.swift */,
				FD8E564227F3080E00DC1128 /* Main.storyboard */,
				FD8E564527F3081000DC1128 /* Assets.xcassets */,
				FD8E564727F3081000DC1128 /* LaunchScreen.storyboard */,
				FD8E564A27F3081000DC1128 /* Info.plist */,
			);
			path = VideoPlayerTestNew;
			sourceTree = "<group>";
		};
		FD8E565227F3081000DC1128 /* VideoPlayerTestNewTests */ = {
			isa = PBXGroup;
			children = (
				FD8E565327F3081000DC1128 /* VideoPlayerTestNewTests.swift */,
			);
			path = VideoPlayerTestNewTests;
			sourceTree = "<group>";
		};
		FD8E565C27F3081000DC1128 /* VideoPlayerTestNewUITests */ = {
			isa = PBXGroup;
			children = (
				FD8E565D27F3081000DC1128 /* VideoPlayerTestNewUITests.swift */,
				FD8E565F27F3081000DC1128 /* VideoPlayerTestNewUITestsLaunchTests.swift */,
			);
			path = VideoPlayerTestNewUITests;
			sourceTree = "<group>";
		};
/* End PBXGroup section */

/* Begin PBXNativeTarget section */
		FD8E563827F3080E00DC1128 /* VideoPlayerTestNew */ = {
			isa = PBXNativeTarget;
			buildConfigurationList = FD8E566327F3081000DC1128 /* Build configuration list for PBXNativeTarget "VideoPlayerTestNew" */;
			buildPhases = (
				FD8E563527F3080E00DC1128 /* Sources */,
				FD8E563627F3080E00DC1128 /* Frameworks */,
				FD8E563727F3080E00DC1128 /* Resources */,
			);
			buildRules = (
			);
			dependencies = (
			);
			name = VideoPlayerTestNew;
			productName = VideoPlayerTestNew;
			productReference = FD8E563927F3080E00DC1128 /* VideoPlayerTestNew.app */;
			productType = "com.apple.product-type.application";
		};
		FD8E564E27F3081000DC1128 /* VideoPlayerTestNewTests */ = {
			isa = PBXNativeTarget;
			buildConfigurationList = FD8E566627F3081000DC1128 /* Build configuration list for PBXNativeTarget "VideoPlayerTestNewTests" */;
			buildPhases = (
				FD8E564B27F3081000DC1128 /* Sources */,
				FD8E564C27F3081000DC1128 /* Frameworks */,
				FD8E564D27F3081000DC1128 /* Resources */,
			);
			buildRules = (
			);
			dependencies = (
				FD8E565127F3081000DC1128 /* PBXTargetDependency */,
			);
			name = VideoPlayerTestNewTests;
			productName = VideoPlayerTestNewTests;
			productReference = FD8E564F27F3081000DC1128 /* VideoPlayerTestNewTests.xctest */;
			productType = "com.apple.product-type.bundle.unit-test";
		};
		FD8E565827F3081000DC1128 /* VideoPlayerTestNewUITests */ = {
			isa = PBXNativeTarget;
			buildConfigurationList = FD8E566927F3081100DC1128 /* Build configuration list for PBXNativeTarget "VideoPlayerTestNewUITests" */;
			buildPhases = (
				FD8E565527F3081000DC1128 /* Sources */,
				FD8E565627F3081000DC1128 /* Frameworks */,
				FD8E565727F3081000DC1128 /* Resources */,
			);
			buildRules = (
			);
			dependencies = (
				FD8E565B27F3081000DC1128 /* PBXTargetDependency */,
			);
			name = VideoPlayerTestNewUITests;
			productName = VideoPlayerTestNewUITests;
			productReference = FD8E565927F3081000DC1128 /* VideoPlayerTestNewUITests.xctest */;
			productType = "com.apple.product-type.bundle.ui-testing";
		};
/* End PBXNativeTarget section */

/* Begin PBXProject section */
		FD8E563127F3080E00DC1128 /* Project object */ = {
			isa = PBXProject;
			attributes = {
				BuildIndependentTargetsInParallel = 1;
				LastSwiftUpdateCheck = 1330;
				LastUpgradeCheck = 1330;
				TargetAttributes = {
					FD8E563827F3080E00DC1128 = {
						CreatedOnToolsVersion = 13.3;
					};
					FD8E564E27F3081000DC1128 = {
						CreatedOnToolsVersion = 13.3;
						TestTargetID = FD8E563827F3080E00DC1128;
					};
					FD8E565827F3081000DC1128 = {
						CreatedOnToolsVersion = 13.3;
						TestTargetID = FD8E563827F3080E00DC1128;
					};
				};
			};
			buildConfigurationList = FD8E563427F3080E00DC1128 /* Build configuration list for PBXProject "VideoPlayerTestNew" */;
			compatibilityVersion = "Xcode 13.0";
			developmentRegion = en;
			hasScannedForEncodings = 0;
			knownRegions = (
				en,
				Base,
			);
			mainGroup = FD8E563027F3080E00DC1128;
			productRefGroup = FD8E563A27F3080E00DC1128 /* Products */;
			projectDirPath = "";
			projectRoot = "";
			targets = (
				FD8E563827F3080E00DC1128 /* VideoPlayerTestNew */,
				FD8E564E27F3081000DC1128 /* VideoPlayerTestNewTests */,
				FD8E565827F3081000DC1128 /* VideoPlayerTestNewUITests */,
			);
		};
/* End PBXProject section */

/* Begin PBXResourcesBuildPhase section */
		FD8E563727F3080E00DC1128 /* Resources */ = {
			isa = PBXResourcesBuildPhase;
			buildActionMask = 2147483647;
			files = (
				FD8E564927F3081000DC1128 /* LaunchScreen.storyboard in Resources */,
				FD8E564627F3081000DC1128 /* Assets.xcassets in Resources */,
				FD8E564427F3080E00DC1128 /* Main.storyboard in Resources */,
			);
			runOnlyForDeploymentPostprocessing = 0;
		};
		FD8E564D27F3081000DC1128 /* Resources */ = {
			isa = PBXResourcesBuildPhase;
			buildActionMask = 2147483647;
			files = (
			);
			runOnlyForDeploymentPostprocessing = 0;
		};
		FD8E565727F3081000DC1128 /* Resources */ = {
			isa = PBXResourcesBuildPhase;
			buildActionMask = 2147483647;
			files = (
			);
			runOnlyForDeploymentPostprocessing = 0;
		};
/* End PBXResourcesBuildPhase section */

/* Begin PBXSourcesBuildPhase section */
		FD8E563527F3080E00DC1128 /* Sources */ = {
			isa = PBXSourcesBuildPhase;
			buildActionMask = 2147483647;
			files = (
				FD8E564127F3080E00DC1128 /* ViewController.swift in Sources */,
				FD8E563D27F3080E00DC1128 /* AppDelegate.swift in Sources */,
				FD8E563F27F3080E00DC1128 /* SceneDelegate.swift in Sources */,
			);
			runOnlyForDeploymentPostprocessing = 0;
		};
		FD8E564B27F3081000DC1128 /* Sources */ = {
			isa = PBXSourcesBuildPhase;
			buildActionMask = 2147483647;
			files = (
				FD8E565427F3081000DC1128 /* VideoPlayerTestNewTests.swift in Sources */,
			);
			runOnlyForDeploymentPostprocessing = 0;
		};
		FD8E565527F3081000DC1128 /* Sources */ = {
			isa = PBXSourcesBuildPhase;
			buildActionMask = 2147483647;
			files = (
				FD8E566027F3081000DC1128 /* VideoPlayerTestNewUITestsLaunchTests.swift in Sources */,
				FD8E565E27F3081000DC1128 /* VideoPlayerTestNewUITests.swift in Sources */,
			);
			runOnlyForDeploymentPostprocessing = 0;
		};
/* End PBXSourcesBuildPhase section */

/* Begin PBXTargetDependency section */
		FD8E565127F3081000DC1128 /* PBXTargetDependency */ = {
			isa = PBXTargetDependency;
			target = FD8E563827F3080E00DC1128 /* VideoPlayerTestNew */;
			targetProxy = FD8E565027F3081000DC1128 /* PBXContainerItemProxy */;
		};
		FD8E565B27F3081000DC1128 /* PBXTargetDependency */ = {
			isa = PBXTargetDependency;
			target = FD8E563827F3080E00DC1128 /* VideoPlayerTestNew */;
			targetProxy = FD8E565A27F3081000DC1128 /* PBXContainerItemProxy */;
		};
/* End PBXTargetDependency section */

/* Begin PBXVariantGroup section */
		FD8E564227F3080E00DC1128 /* Main.storyboard */ = {
			isa = PBXVariantGroup;
			children = (
				FD8E564327F3080E00DC1128 /* Base */,
			);
			name = Main.storyboard;
			sourceTree = "<group>";
		};
		FD8E564727F3081000DC1128 /* LaunchScreen.storyboard */ = {
			isa = PBXVariantGroup;
			children = (
				FD8E564827F3081000DC1128 /* Base */,
			);
			name = LaunchScreen.storyboard;
			sourceTree = "<group>";
		};
/* End PBXVariantGroup section */

/* Begin XCBuildConfiguration section */
		FD8E566127F3081000DC1128 /* Debug */ = {
			isa = XCBuildConfiguration;
			buildSettings = {
				ALWAYS_SEARCH_USER_PATHS = NO;
				CLANG_ANALYZER_NONNULL = YES;
				CLANG_ANALYZER_NUMBER_OBJECT_CONVERSION = YES_AGGRESSIVE;
				CLANG_CXX_LANGUAGE_STANDARD = "gnu++17";
				CLANG_ENABLE_MODULES = YES;
				CLANG_ENABLE_OBJC_ARC = YES;
				CLANG_ENABLE_OBJC_WEAK = YES;
				CLANG_WARN_BLOCK_CAPTURE_AUTORELEASING = YES;
				CLANG_WARN_BOOL_CONVERSION = YES;
				CLANG_WARN_COMMA = YES;
				CLANG_WARN_CONSTANT_CONVERSION = YES;
				CLANG_WARN_DEPRECATED_OBJC_IMPLEMENTATIONS = YES;
				CLANG_WARN_DIRECT_OBJC_ISA_USAGE = YES_ERROR;
				CLANG_WARN_DOCUMENTATION_COMMENTS = YES;
				CLANG_WARN_EMPTY_BODY = YES;
				CLANG_WARN_ENUM_CONVERSION = YES;
				CLANG_WARN_INFINITE_RECURSION = YES;
				CLANG_WARN_INT_CONVERSION = YES;
				CLANG_WARN_NON_LITERAL_NULL_CONVERSION = YES;
				CLANG_WARN_OBJC_IMPLICIT_RETAIN_SELF = YES;
				CLANG_WARN_OBJC_LITERAL_CONVERSION = YES;
				CLANG_WARN_OBJC_ROOT_CLASS = YES_ERROR;
				CLANG_WARN_QUOTED_INCLUDE_IN_FRAMEWORK_HEADER = YES;
				CLANG_WARN_RANGE_LOOP_ANALYSIS = YES;
				CLANG_WARN_STRICT_PROTOTYPES = YES;
				CLANG_WARN_SUSPICIOUS_MOVE = YES;
				CLANG_WARN_UNGUARDED_AVAILABILITY = YES_AGGRESSIVE;
				CLANG_WARN_UNREACHABLE_CODE = YES;
				CLANG_WARN__DUPLICATE_METHOD_MATCH = YES;
				COPY_PHASE_STRIP = NO;
				DEBUG_INFORMATION_FORMAT = dwarf;
				ENABLE_STRICT_OBJC_MSGSEND = YES;
				ENABLE_TESTABILITY = YES;
				GCC_C_LANGUAGE_STANDARD = gnu11;
				GCC_DYNAMIC_NO_PIC = NO;
				GCC_NO_COMMON_BLOCKS = YES;
				GCC_OPTIMIZATION_LEVEL = 0;
				GCC_PREPROCESSOR_DEFINITIONS = (
					"DEBUG=1",
					"$(inherited)",
				);
				GCC_WARN_64_TO_32_BIT_CONVERSION = YES;
				GCC_WARN_ABOUT_RETURN_TYPE = YES_ERROR;
				GCC_WARN_UNDECLARED_SELECTOR = YES;
				GCC_WARN_UNINITIALIZED_AUTOS = YES_AGGRESSIVE;
				GCC_WARN_UNUSED_FUNCTION = YES;
				GCC_WARN_UNUSED_VARIABLE = YES;
				IPHONEOS_DEPLOYMENT_TARGET = 15.4;
				MTL_ENABLE_DEBUG_INFO = INCLUDE_SOURCE;
				MTL_FAST_MATH = YES;
				ONLY_ACTIVE_ARCH = YES;
				SDKROOT = iphoneos;
				SWIFT_ACTIVE_COMPILATION_CONDITIONS = DEBUG;
				SWIFT_OPTIMIZATION_LEVEL = "-Onone";
			};
			name = Debug;
		};
		FD8E566227F3081000DC1128 /* Release */ = {
			isa = XCBuildConfiguration;
			buildSettings = {
				ALWAYS_SEARCH_USER_PATHS = NO;
				CLANG_ANALYZER_NONNULL = YES;
				CLANG_ANALYZER_NUMBER_OBJECT_CONVERSION = YES_AGGRESSIVE;
				CLANG_CXX_LANGUAGE_STANDARD = "gnu++17";
				CLANG_ENABLE_MODULES = YES;
				CLANG_ENABLE_OBJC_ARC = YES;
				CLANG_ENABLE_OBJC_WEAK = YES;
				CLANG_WARN_BLOCK_CAPTURE_AUTORELEASING = YES;
				CLANG_WARN_BOOL_CONVERSION = YES;
				CLANG_WARN_COMMA = YES;
				CLANG_WARN_CONSTANT_CONVERSION = YES;
				CLANG_WARN_DEPRECATED_OBJC_IMPLEMENTATIONS = YES;
				CLANG_WARN_DIRECT_OBJC_ISA_USAGE = YES_ERROR;
				CLANG_WARN_DOCUMENTATION_COMMENTS = YES;
				CLANG_WARN_EMPTY_BODY = YES;
				CLANG_WARN_ENUM_CONVERSION = YES;
				CLANG_WARN_INFINITE_RECURSION = YES;
				CLANG_WARN_INT_CONVERSION = YES;
				CLANG_WARN_NON_LITERAL_NULL_CONVERSION = YES;
				CLANG_WARN_OBJC_IMPLICIT_RETAIN_SELF = YES;
				CLANG_WARN_OBJC_LITERAL_CONVERSION = YES;
				CLANG_WARN_OBJC_ROOT_CLASS = YES_ERROR;
				CLANG_WARN_QUOTED_INCLUDE_IN_FRAMEWORK_HEADER = YES;
				CLANG_WARN_RANGE_LOOP_ANALYSIS = YES;
				CLANG_WARN_STRICT_PROTOTYPES = YES;
				CLANG_WARN_SUSPICIOUS_MOVE = YES;
				CLANG_WARN_UNGUARDED_AVAILABILITY = YES_AGGRESSIVE;
				CLANG_WARN_UNREACHABLE_CODE = YES;
				CLANG_WARN__DUPLICATE_METHOD_MATCH = YES;
				COPY_PHASE_STRIP = NO;
				DEBUG_INFORMATION_FORMAT = "dwarf-with-dsym";
				ENABLE_NS_ASSERTIONS = NO;
				ENABLE_STRICT_OBJC_MSGSEND = YES;
				GCC_C_LANGUAGE_STANDARD = gnu11;
				GCC_NO_COMMON_BLOCKS = YES;
				GCC_WARN_64_TO_32_BIT_CONVERSION = YES;
				GCC_WARN_ABOUT_RETURN_TYPE = YES_ERROR;
				GCC_WARN_UNDECLARED_SELECTOR = YES;
				GCC_WARN_UNINITIALIZED_AUTOS = YES_AGGRESSIVE;
				GCC_WARN_UNUSED_FUNCTION = YES;
				GCC_WARN_UNUSED_VARIABLE = YES;
				IPHONEOS_DEPLOYMENT_TARGET = 15.4;
				MTL_ENABLE_DEBUG_INFO = NO;
				MTL_FAST_MATH = YES;
				SDKROOT = iphoneos;
				SWIFT_COMPILATION_MODE = wholemodule;
				SWIFT_OPTIMIZATION_LEVEL = "-O";
				VALIDATE_PRODUCT = YES;
			};
			name = Release;
		};
		FD8E566427F3081000DC1128 /* Debug */ = {
			isa = XCBuildConfiguration;
			buildSettings = {
				ASSETCATALOG_COMPILER_APPICON_NAME = AppIcon;
				ASSETCATALOG_COMPILER_GLOBAL_ACCENT_COLOR_NAME = AccentColor;
				CODE_SIGN_STYLE = Automatic;
				CURRENT_PROJECT_VERSION = 1;
				DEVELOPMENT_TEAM = 3GX983K4K9;
				GENERATE_INFOPLIST_FILE = YES;
				INFOPLIST_FILE = VideoPlayerTestNew/Info.plist;
				INFOPLIST_KEY_UIApplicationSupportsIndirectInputEvents = YES;
				INFOPLIST_KEY_UILaunchStoryboardName = LaunchScreen;
				INFOPLIST_KEY_UIMainStoryboardFile = Main;
				INFOPLIST_KEY_UISupportedInterfaceOrientations_iPad = "UIInterfaceOrientationPortrait UIInterfaceOrientationPortraitUpsideDown UIInterfaceOrientationLandscapeLeft UIInterfaceOrientationLandscapeRight";
				INFOPLIST_KEY_UISupportedInterfaceOrientations_iPhone = "UIInterfaceOrientationPortrait UIInterfaceOrientationLandscapeLeft UIInterfaceOrientationLandscapeRight";
				LD_RUNPATH_SEARCH_PATHS = (
					"$(inherited)",
					"@executable_path/Frameworks",
				);
				MARKETING_VERSION = 1.0;
				PRODUCT_BUNDLE_IDENTIFIER = com.tbg.VideoPlayerTestNew;
				PRODUCT_NAME = "$(TARGET_NAME)";
				SWIFT_EMIT_LOC_STRINGS = YES;
				SWIFT_VERSION = 5.0;
				TARGETED_DEVICE_FAMILY = "1,2";
			};
			name = Debug;
		};
		FD8E566527F3081000DC1128 /* Release */ = {
			isa = XCBuildConfiguration;
			buildSettings = {
				ASSETCATALOG_COMPILER_APPICON_NAME = AppIcon;
				ASSETCATALOG_COMPILER_GLOBAL_ACCENT_COLOR_NAME = AccentColor;
				CODE_SIGN_STYLE = Automatic;
				CURRENT_PROJECT_VERSION = 1;
				DEVELOPMENT_TEAM = 3GX983K4K9;
				GENERATE_INFOPLIST_FILE = YES;
				INFOPLIST_FILE = VideoPlayerTestNew/Info.plist;
				INFOPLIST_KEY_UIApplicationSupportsIndirectInputEvents = YES;
				INFOPLIST_KEY_UILaunchStoryboardName = LaunchScreen;
				INFOPLIST_KEY_UIMainStoryboardFile = Main;
				INFOPLIST_KEY_UISupportedInterfaceOrientations_iPad = "UIInterfaceOrientationPortrait UIInterfaceOrientationPortraitUpsideDown UIInterfaceOrientationLandscapeLeft UIInterfaceOrientationLandscapeRight";
				INFOPLIST_KEY_UISupportedInterfaceOrientations_iPhone = "UIInterfaceOrientationPortrait UIInterfaceOrientationLandscapeLeft UIInterfaceOrientationLandscapeRight";
				LD_RUNPATH_SEARCH_PATHS = (
					"$(inherited)",
					"@executable_path/Frameworks",
				);
				MARKETING_VERSION = 1.0;
				PRODUCT_BUNDLE_IDENTIFIER = com.tbg.VideoPlayerTestNew;
				PRODUCT_NAME = "$(TARGET_NAME)";
				SWIFT_EMIT_LOC_STRINGS = YES;
				SWIFT_VERSION = 5.0;
				TARGETED_DEVICE_FAMILY = "1,2";
			};
			name = Release;
		};
		FD8E566727F3081000DC1128 /* Debug */ = {
			isa = XCBuildConfiguration;
			buildSettings = {
				ALWAYS_EMBED_SWIFT_STANDARD_LIBRARIES = YES;
				BUNDLE_LOADER = "$(TEST_HOST)";
				CODE_SIGN_STYLE = Automatic;
				CURRENT_PROJECT_VERSION = 1;
				DEVELOPMENT_TEAM = 3GX983K4K9;
				GENERATE_INFOPLIST_FILE = YES;
				IPHONEOS_DEPLOYMENT_TARGET = 15.4;
				MARKETING_VERSION = 1.0;
				PRODUCT_BUNDLE_IDENTIFIER = com.tbg.VideoPlayerTestNewTests;
				PRODUCT_NAME = "$(TARGET_NAME)";
				SWIFT_EMIT_LOC_STRINGS = NO;
				SWIFT_VERSION = 5.0;
				TARGETED_DEVICE_FAMILY = "1,2";
				TEST_HOST = "$(BUILT_PRODUCTS_DIR)/VideoPlayerTestNew.app/VideoPlayerTestNew";
			};
			name = Debug;
		};
		FD8E566827F3081100DC1128 /* Release */ = {
			isa = XCBuildConfiguration;
			buildSettings = {
				ALWAYS_EMBED_SWIFT_STANDARD_LIBRARIES = YES;
				BUNDLE_LOADER = "$(TEST_HOST)";
				CODE_SIGN_STYLE = Automatic;
				CURRENT_PROJECT_VERSION = 1;
				DEVELOPMENT_TEAM = 3GX983K4K9;
				GENERATE_INFOPLIST_FILE = YES;
				IPHONEOS_DEPLOYMENT_TARGET = 15.4;
				MARKETING_VERSION = 1.0;
				PRODUCT_BUNDLE_IDENTIFIER = com.tbg.VideoPlayerTestNewTests;
				PRODUCT_NAME = "$(TARGET_NAME)";
				SWIFT_EMIT_LOC_STRINGS = NO;
				SWIFT_VERSION = 5.0;
				TARGETED_DEVICE_FAMILY = "1,2";
				TEST_HOST = "$(BUILT_PRODUCTS_DIR)/VideoPlayerTestNew.app/VideoPlayerTestNew";
			};
			name = Release;
		};
		FD8E566A27F3081100DC1128 /* Debug */ = {
			isa = XCBuildConfiguration;
			buildSettings = {
				ALWAYS_EMBED_SWIFT_STANDARD_LIBRARIES = YES;
				CODE_SIGN_STYLE = Automatic;
				CURRENT_PROJECT_VERSION = 1;
				DEVELOPMENT_TEAM = 3GX983K4K9;
				GENERATE_INFOPLIST_FILE = YES;
				MARKETING_VERSION = 1.0;
				PRODUCT_BUNDLE_IDENTIFIER = com.tbg.VideoPlayerTestNewUITests;
				PRODUCT_NAME = "$(TARGET_NAME)";
				SWIFT_EMIT_LOC_STRINGS = NO;
				SWIFT_VERSION = 5.0;
				TARGETED_DEVICE_FAMILY = "1,2";
				TEST_TARGET_NAME = VideoPlayerTestNew;
			};
			name = Debug;
		};
		FD8E566B27F3081100DC1128 /* Release */ = {
			isa = XCBuildConfiguration;
			buildSettings = {
				ALWAYS_EMBED_SWIFT_STANDARD_LIBRARIES = YES;
				CODE_SIGN_STYLE = Automatic;
				CURRENT_PROJECT_VERSION = 1;
				DEVELOPMENT_TEAM = 3GX983K4K9;
				GENERATE_INFOPLIST_FILE = YES;
				MARKETING_VERSION = 1.0;
				PRODUCT_BUNDLE_IDENTIFIER = com.tbg.VideoPlayerTestNewUITests;
				PRODUCT_NAME = "$(TARGET_NAME)";
				SWIFT_EMIT_LOC_STRINGS = NO;
				SWIFT_VERSION = 5.0;
				TARGETED_DEVICE_FAMILY = "1,2";
				TEST_TARGET_NAME = VideoPlayerTestNew;
			};
			name = Release;
		};
/* End XCBuildConfiguration section */

/* Begin XCConfigurationList section */
		FD8E563427F3080E00DC1128 /* Build configuration list for PBXProject "VideoPlayerTestNew" */ = {
			isa = XCConfigurationList;
			buildConfigurations = (
				FD8E566127F3081000DC1128 /* Debug */,
				FD8E566227F3081000DC1128 /* Release */,
			);
			defaultConfigurationIsVisible = 0;
			defaultConfigurationName = Release;
		};
		FD8E566327F3081000DC1128 /* Build configuration list for PBXNativeTarget "VideoPlayerTestNew" */ = {
			isa = XCConfigurationList;
			buildConfigurations = (
				FD8E566427F3081000DC1128 /* Debug */,
				FD8E566527F3081000DC1128 /* Release */,
			);
			defaultConfigurationIsVisible = 0;
			defaultConfigurationName = Release;
		};
		FD8E566627F3081000DC1128 /* Build configuration list for PBXNativeTarget "VideoPlayerTestNewTests" */ = {
			isa = XCConfigurationList;
			buildConfigurations = (
				FD8E566727F3081000DC1128 /* Debug */,
				FD8E566827F3081100DC1128 /* Release */,
			);
			defaultConfigurationIsVisible = 0;
			defaultConfigurationName = Release;
		};
		FD8E566927F3081100DC1128 /* Build configuration list for PBXNativeTarget "VideoPlayerTestNewUITests" */ = {
			isa = XCConfigurationList;
			buildConfigurations = (
				FD8E566A27F3081100DC1128 /* Debug */,
				FD8E566B27F3081100DC1128 /* Release */,
			);
			defaultConfigurationIsVisible = 0;
			defaultConfigurationName = Release;
		};
/* End XCConfigurationList section */
	};
	rootObject = FD8E563127F3080E00DC1128 /* Project object */;
}
